# THIS IS AN AUTOGENERATED FILE. DO NOT EDIT THIS FILE DIRECTLY.
# yarn lockfile v1


"@tanstack/query-devtools@5.51.16":
  version "5.51.16"
  resolved "https://registry.yarnpkg.com/@tanstack/query-devtools/-/query-devtools-5.51.16.tgz#d855d00e7939c1a442c2e8ae3ad1a5bd603d003b"
  integrity sha512-ajwuq4WnkNCMj/Hy3KR8d3RtZ6PSKc1dD2vs2T408MdjgKzQ3klVoL6zDgVO7X+5jlb5zfgcO3thh4ojPhfIaw==

"@tanstack/react-query-devtools@^5.51.21":
  version "5.51.21"
  resolved "https://registry.yarnpkg.com/@tanstack/react-query-devtools/-/react-query-devtools-5.51.21.tgz#8ccfcfdb07e64de9220c34f7a969691dfb12a9ae"
  integrity sha512-mi5ef8dvsS48GsG6/8M60O2EgrzPK1kNPngOcHBTlIUrB5dGkxP9fuHf05GQRxtSp5W5GlyeUpzOmtkKNpf9dQ==
  dependencies:
    "@tanstack/query-devtools" "5.51.16"

classnames@^2.5.1:
  version "2.5.1"
  resolved "https://registry.yarnpkg.com/classnames/-/classnames-2.5.1.tgz#ba774c614be0f016da105c858e7159eae8e7687b"
  integrity sha512-saHYOzhIQs6wy2sVxTM6bUDsQO4F50V9RQ22qBpEdCW+I+/Wmke2HOl6lS6dTpdxVhb88/I6+Hs+438c3lfUow==
